
Microsoft Visual Studio Solution File, Format Version 12.00
# Visual Studio Version 16
VisualStudioVersion = 16.0.29009.5
MinimumVisualStudioVersion = 10.0.40219.1
Project("{FAE04EC0-301F-11D3-BF4B-00C04F79EFBC}") = "CW", "TitaniumExample\CW.csproj", "{FFF1924F-019B-40B6-8BFD-360024ECFFE1}"
EndProject
Global
	GlobalSection(SolutionConfigurationPlatforms) = preSolution
		Debug|Any CPU = Debug|Any CPU
		Release|Any CPU = Release|Any CPU
	EndGlobalSection
	GlobalSection(ProjectConfigurationPlatforms) = postSolution
		{FFF1924F-019B-40B6-8BFD-360024ECFFE1}.Debug|Any CPU.ActiveCfg = Debug|Any CPU
		{FFF1924F-019B-40B6-8BFD-360024ECFFE1}.Debug|Any CPU.Build.0 = Debug|Any CPU
		{FFF1924F-019B-40B6-8BFD-360024ECFFE1}.Release|Any CPU.ActiveCfg = Release|Any CPU
		{FFF1924F-019B-40B6-8BFD-360024ECFFE1}.Release|Any CPU.Build.0 = Release|Any CPU
	EndGlobalSection
	GlobalSection(SolutionProperties) = preSolution
		HideSolutionNode = FALSE
	EndGlobalSection
	GlobalSection(ExtensibilityGlobals) = postSolution
		SolutionGuid = {DF068FBE-072B-4364-A70C-0B05174C30D8}
	EndGlobalSection
EndGlobal
